PATH
  remote: .
  specs:
    tcb-events (0.1.0)

GEM
  remote: https://rubygems.org/
  specs:
    ansi (1.5.0)
    builder (3.3.0)
    minitest (5.26.0)
    minitest-reporters (1.7.1)
      ansi
      builder
      minitest (>= 5.0)
      ruby-progressbar
    rake (13.3.1)
    ruby-progressbar (1.13.0)

PLATFORMS
  arm64-darwin-25
  ruby

DEPENDENCIES
  minitest (~> 5.0)
  minitest-reporters (~> 1.7.1)
  rake (~> 13.0)
  tcb-events!

BUNDLED WITH
   2.6.9
